
Microsoft Visual Studio Solution File, Format Version 12.00
# Visual Studio Version 16
VisualStudioVersion = 16.0.30611.23
MinimumVisualStudioVersion = 10.0.40219.1
Project("{8BC9CEB8-8B4A-11D0-8D11-00A0C91BC942}") = "Practica 1", "Practica 1\Practica 1.vcxproj", "{E8B6AB05-9CA1-4628-BF3F-CE3051C44728}"
EndProject
Project("{8BC9CEB8-8B4A-11D0-8D11-00A0C91BC942}") = "Seminario2", "Seminario2\Seminario2.vcxproj", "{DAFFDE62-51CE-4B14-B221-6EDEAE9CFC4D}"
EndProject
Project("{8BC9CEB8-8B4A-11D0-8D11-00A0C91BC942}") = "Practica3", "Practica3\Practica3.vcxproj", "{D001323D-7771-4000-B04B-83C24BC4F798}"
EndProject
Project("{8BC9CEB8-8B4A-11D0-8D11-00A0C91BC942}") = "Práctica4", "Práctica4\Práctica4.vcxproj", "{1815389D-55D6-4998-8991-FCDB936B16B9}"
EndProject
Project("{8BC9CEB8-8B4A-11D0-8D11-00A0C91BC942}") = "Practica5", "Practica5\Practica5.vcxproj", "{6E64FD78-664F-4140-AB6C-4A41F5DF80A5}"
EndProject
Global
	GlobalSection(SolutionConfigurationPlatforms) = preSolution
		Debug|x64 = Debug|x64
		Debug|x86 = Debug|x86
		Release|x64 = Release|x64
		Release|x86 = Release|x86
	EndGlobalSection
	GlobalSection(ProjectConfigurationPlatforms) = postSolution
		{E8B6AB05-9CA1-4628-BF3F-CE3051C44728}.Debug|x64.ActiveCfg = Debug|x64
		{E8B6AB05-9CA1-4628-BF3F-CE3051C44728}.Debug|x64.Build.0 = Debug|x64
		{E8B6AB05-9CA1-4628-BF3F-CE3051C44728}.Debug|x86.ActiveCfg = Debug|Win32
		{E8B6AB05-9CA1-4628-BF3F-CE3051C44728}.Debug|x86.Build.0 = Debug|Win32
		{E8B6AB05-9CA1-4628-BF3F-CE3051C44728}.Release|x64.ActiveCfg = Release|x64
		{E8B6AB05-9CA1-4628-BF3F-CE3051C44728}.Release|x64.Build.0 = Release|x64
		{E8B6AB05-9CA1-4628-BF3F-CE3051C44728}.Release|x86.ActiveCfg = Release|Win32
		{E8B6AB05-9CA1-4628-BF3F-CE3051C44728}.Release|x86.Build.0 = Release|Win32
		{DAFFDE62-51CE-4B14-B221-6EDEAE9CFC4D}.Debug|x64.ActiveCfg = Debug|x64
		{DAFFDE62-51CE-4B14-B221-6EDEAE9CFC4D}.Debug|x64.Build.0 = Debug|x64
		{DAFFDE62-51CE-4B14-B221-6EDEAE9CFC4D}.Debug|x86.ActiveCfg = Debug|Win32
		{DAFFDE62-51CE-4B14-B221-6EDEAE9CFC4D}.Debug|x86.Build.0 = Debug|Win32
		{DAFFDE62-51CE-4B14-B221-6EDEAE9CFC4D}.Release|x64.ActiveCfg = Release|x64
		{DAFFDE62-51CE-4B14-B221-6EDEAE9CFC4D}.Release|x64.Build.0 = Release|x64
		{DAFFDE62-51CE-4B14-B221-6EDEAE9CFC4D}.Release|x86.ActiveCfg = Release|Win32
		{DAFFDE62-51CE-4B14-B221-6EDEAE9CFC4D}.Release|x86.Build.0 = Release|Win32
		{D001323D-7771-4000-B04B-83C24BC4F798}.Debug|x64.ActiveCfg = Debug|x64
		{D001323D-7771-4000-B04B-83C24BC4F798}.Debug|x64.Build.0 = Debug|x64
		{D001323D-7771-4000-B04B-83C24BC4F798}.Debug|x86.ActiveCfg = Debug|Win32
		{D001323D-7771-4000-B04B-83C24BC4F798}.Debug|x86.Build.0 = Debug|Win32
		{D001323D-7771-4000-B04B-83C24BC4F798}.Release|x64.ActiveCfg = Release|x64
		{D001323D-7771-4000-B04B-83C24BC4F798}.Release|x64.Build.0 = Release|x64
		{D001323D-7771-4000-B04B-83C24BC4F798}.Release|x86.ActiveCfg = Release|Win32
		{D001323D-7771-4000-B04B-83C24BC4F798}.Release|x86.Build.0 = Release|Win32
		{1815389D-55D6-4998-8991-FCDB936B16B9}.Debug|x64.ActiveCfg = Debug|x64
		{1815389D-55D6-4998-8991-FCDB936B16B9}.Debug|x64.Build.0 = Debug|x64
		{1815389D-55D6-4998-8991-FCDB936B16B9}.Debug|x86.ActiveCfg = Debug|Win32
		{1815389D-55D6-4998-8991-FCDB936B16B9}.Debug|x86.Build.0 = Debug|Win32
		{1815389D-55D6-4998-8991-FCDB936B16B9}.Release|x64.ActiveCfg = Release|x64
		{1815389D-55D6-4998-8991-FCDB936B16B9}.Release|x64.Build.0 = Release|x64
		{1815389D-55D6-4998-8991-FCDB936B16B9}.Release|x86.ActiveCfg = Release|Win32
		{1815389D-55D6-4998-8991-FCDB936B16B9}.Release|x86.Build.0 = Release|Win32
		{6E64FD78-664F-4140-AB6C-4A41F5DF80A5}.Debug|x64.ActiveCfg = Debug|x64
		{6E64FD78-664F-4140-AB6C-4A41F5DF80A5}.Debug|x64.Build.0 = Debug|x64
		{6E64FD78-664F-4140-AB6C-4A41F5DF80A5}.Debug|x86.ActiveCfg = Debug|Win32
		{6E64FD78-664F-4140-AB6C-4A41F5DF80A5}.Debug|x86.Build.0 = Debug|Win32
		{6E64FD78-664F-4140-AB6C-4A41F5DF80A5}.Release|x64.ActiveCfg = Release|x64
		{6E64FD78-664F-4140-AB6C-4A41F5DF80A5}.Release|x64.Build.0 = Release|x64
		{6E64FD78-664F-4140-AB6C-4A41F5DF80A5}.Release|x86.ActiveCfg = Release|Win32
		{6E64FD78-664F-4140-AB6C-4A41F5DF80A5}.Release|x86.Build.0 = Release|Win32
	EndGlobalSection
	GlobalSection(SolutionProperties) = preSolution
		HideSolutionNode = FALSE
	EndGlobalSection
	GlobalSection(ExtensibilityGlobals) = postSolution
		SolutionGuid = {FA256757-21F9-45A8-ACD3-D48EA121C2D7}
	EndGlobalSection
EndGlobal
